<Solution>
  <Project Path="Core/Brigade.Net.Core.csproj" />
  <Project Path="Core/Tests/Brigade.Net.Core.Tests/Brigade.Net.Core.Tests.csproj" />
  <Project Path="Partie/Brigade.Net.Partie.csproj" />
  <Project Path="Partie/Tests/Brigade.Net.Partie.Tests.csproj" />
  <Project Path="Example/AppHost/Brigade.Net.Example.AppHost.csproj" />
  <Project Path="Example/ServiceDefaults/Brigade.Net.Example.ServiceDefaults.csproj" />
  <Project Path="Example/Web/Brigade.Net.Example.Web.csproj" />
  <Project Path="Example/Tests/Brigade.Net.Example.Tests.csproj" />
</Solution>
