<Solution>
  <Folder Name="/Benchmarks/" />
  <Folder Name="/Benchmarks/Api/" />
  <Folder Name="/Benchmarks/Api/AppHost/">
    <Project Path="Benchmarks/Api/AppHost/Brigade.Net.Benchmarks.Api.AppHost.csproj" />
  </Folder>
  <Folder Name="/Benchmarks/Api/BrigadeApi/">
    <Project Path="Benchmarks/Api/BrigadeApi/Brigade.Net.Benchmarks.Api.BrigadeApi.csproj" />
  </Folder>
  <Folder Name="/Benchmarks/Api/Common/">
    <Project Path="Benchmarks/Api/Common/Brigade.Net.Benchmarks.Api.Common.csproj" />
  </Folder>
  <Folder Name="/Benchmarks/Api/ParityTests/">
    <Project Path="Benchmarks/Api/ParityTests/Brigade.Net.Benchmarks.Api.ParityTests.csproj" />
  </Folder>
  <Folder Name="/Benchmarks/Api/Fixture/">
    <Project Path="Benchmarks/Api/Fixture/Brigade.Net.Benchmarks.Api.Fixture.csproj" />
  </Folder>
  <Folder Name="/Benchmarks/Api/FluentEfMediatr/">
    <Project Path="Benchmarks/Api/FluentEfMediatr/Brigade.Net.Benchmarks.Api.FluentEfMediatr.csproj" />
  </Folder>
  <Folder Name="/Benchmarks/Api/Runner/">
    <Project Path="Benchmarks/Api/Runner/Brigade.Net.Benchmarks.Api.Runner.csproj" />
  </Folder>
  <Folder Name="/Benchmarks/DatabaseQuerying/">
    <Project Path="Benchmarks/DatabaseQuerying/AppHost/Brigade.Net.Benchmarks.DatabaseQuerying.AppHost.csproj" />
    <Project Path="Benchmarks/DatabaseQuerying/Compilation/Brigade.Net.Benchmarks.DatabaseQuerying.Compilation.csproj" />
    <Project Path="Benchmarks/DatabaseQuerying/Common/Brigade.Net.Benchmarks.DatabaseQuerying.Common.csproj" />
    <Project Path="Benchmarks/DatabaseQuerying/ParityTests/Brigade.Net.Benchmarks.DatabaseQuerying.ParityTests.csproj" />
    <Project Path="Benchmarks/DatabaseQuerying/Tests/Brigade.Net.Benchmarks.DatabaseQuerying.Tests.csproj" />
  </Folder>
  <Folder Name="/Benchmarks/DatabaseQuerying/Common/" />
  <Folder Name="/Benchmarks/Startup/" />
  <Folder Name="/Benchmarks/Startup/BrigadeApi/">
    <Project Path="Benchmarks/Startup/BrigadeApi/Brigade.Net.Benchmarks.Startup.BrigadeApi.csproj" />
  </Folder>
  <Folder Name="/Benchmarks/Startup/Common/">
    <Project Path="Benchmarks/Startup/Common/Brigade.Net.Benchmarks.Startup.Common.csproj" />
  </Folder>
  <Folder Name="/Benchmarks/Startup/FluentEfMediatr/">
    <Project Path="Benchmarks/Startup/FluentEfMediatr/Brigade.Net.Benchmarks.Startup.FluentEfMediatr.csproj" />
  </Folder>
  <Folder Name="/Benchmarks/Startup/Runner/">
    <Project Path="Benchmarks/Startup/Runner/Brigade.Net.Benchmarks.Startup.Runner.csproj" />
  </Folder>
  <Folder Name="/Benchmarks/Validation/">
    <Project Path="Benchmarks/Validation/Common/Brigade.Net.Benchmarks.Validation.Common.csproj" />
    <Project Path="Benchmarks/Validation/ParityTests/Brigade.Net.Benchmarks.Validation.ParityTests.csproj" />
    <Project Path="Benchmarks/Validation/Tests/Brigade.Net.Benchmarks.Validation.Tests.csproj" />
  </Folder>
  <Folder Name="/Example/">
    <Project Path="Example/AppHost/Brigade.Net.Example.AppHost.csproj" />
    <Project Path="Example/Domain/Brigade.Net.Example.Domain.csproj" />
    <Project Path="Example/ServiceDefaults/Brigade.Net.Example.ServiceDefaults.csproj" />
    <Project Path="Example/Web/Brigade.Net.Example.Web.csproj" />
  </Folder>
  <Folder Name="/Source/">
    <Project Path="Source/Core/Brigade.Net.Core.csproj" />
    <Project Path="Source/Partie/Brigade.Net.Partie.csproj" />
    <Project Path="Source/Partie.AspNetCore/Brigade.Net.Partie.AspNetCore.csproj" />
    <Project Path="Source/Partie.Engines.AspNetCore/Brigade.Net.Partie.Engines.AspNetCore.csproj" />
    <Project Path="Source/Partie.Generator/Brigade.Net.Partie.Generator.csproj" />
    <Project Path="Source/Mise/Brigade.Net.Mise.csproj" />
    <Project Path="Source/Mise.Generator/Brigade.Net.Mise.Generator.csproj" />
    <Project Path="Source/Mise.SqlServer/Brigade.Net.Mise.SqlServer.csproj" />
    <Project Path="Source/Mise.PostgreSQL/Brigade.Net.Mise.PostgreSQL.csproj" />
    <Project Path="Source/Mise.SQLite/Brigade.Net.Mise.SQLite.csproj" />
    <Project Path="Source/Mise.MySQL/Brigade.Net.Mise.MySQL.csproj" />
    <Project Path="Source/Mise.MariaDb/Brigade.Net.Mise.MariaDb.csproj" />
    <Project Path="Source/Mise.Engines.SqlServer/Brigade.Net.Mise.Engines.SqlServer.csproj" />
    <Project Path="Source/Mise.Engines.PostgreSQL/Brigade.Net.Mise.Engines.PostgreSQL.csproj" />
    <Project Path="Source/Mise.Engines.SQLite/Brigade.Net.Mise.Engines.SQLite.csproj" />
    <Project Path="Source/Mise.Engines.MySQL/Brigade.Net.Mise.Engines.MySQL.csproj" />
    <Project Path="Source/Mise.Engines.MariaDb/Brigade.Net.Mise.Engines.MariaDb.csproj" />
    <Project Path="Source/Partie.Extensions.Mise/Brigade.Net.Partie.Extensions.Mise.csproj" />
    <Project Path="Source/Partie.Extensions.Mise.SqlServer/Brigade.Net.Partie.Extensions.Mise.SqlServer.csproj" />
    <Project Path="Source/Partie.Extensions.Mise.PostgreSQL/Brigade.Net.Partie.Extensions.Mise.PostgreSQL.csproj" />
    <Project Path="Source/Partie.Extensions.Mise.SQLite/Brigade.Net.Partie.Extensions.Mise.SQLite.csproj" />
    <Project Path="Source/Partie.Extensions.Mise.MySQL/Brigade.Net.Partie.Extensions.Mise.MySQL.csproj" />
    <Project Path="Source/Partie.Extensions.Mise.MariaDb/Brigade.Net.Partie.Extensions.Mise.MariaDb.csproj" />
  </Folder>
  <Folder Name="/Source/Core/" />
  <Folder Name="/Source/Expo.Engines.Domain/">
    <Project Path="Source/Expo.Engines.Domain/Brigade.Net.Expo.Engines.Domain.csproj" />
  </Folder>
  <Folder Name="/Source/Mise.Engines.MariaDb/" />
  <Folder Name="/Source/Mise.Engines.MySQL/" />
  <Folder Name="/Source/Mise.Engines.PostgreSQL/" />
  <Folder Name="/Source/Mise.Engines.SQLite/" />
  <Folder Name="/Source/Mise.Engines.SqlServer/" />
  <Folder Name="/Source/Mise.MariaDb/" />
  <Folder Name="/Source/Mise.MySQL/" />
  <Folder Name="/Source/Mise.PostgreSQL/" />
  <Folder Name="/Source/Mise.SQLite/" />
  <Folder Name="/Source/Mise.SqlServer/" />
  <Folder Name="/Source/Partie.AspNetCore/" />
  <Folder Name="/Source/Partie.Engines.AspNetCore/" />
  <Folder Name="/Source/Partie.Extensions.Expo.Engines.AspNetCore/">
    <Project Path="Source/Partie.Extensions.Expo.Engines.AspNetCore/Brigade.Net.Partie.Extensions.Expo.Engines.AspNetCore.csproj" />
  </Folder>
  <Folder Name="/Source/Expo/">
    <Project Path="Source/Expo/Brigade.Net.Expo.csproj" />
  </Folder>
  <Folder Name="/Source/Partie.Extensions.Expo/">
    <Project Path="Source/Partie.Extensions.Expo/Brigade.Net.Partie.Extensions.Expo.csproj" />
  </Folder>
  <Folder Name="/Source/Partie.Extensions.Mise/" />
  <Folder Name="/Source/Partie/" />
  <Folder Name="/Tests/">
    <Project Path="Tests/Architecture.Tests/Brigade.Net.Architecture.Tests.csproj" />
    <Project Path="Tests/Core.Tests/Brigade.Net.Core.Tests.csproj" />
    <Project Path="Tests/Example.IntegrationTests/Brigade.Net.Example.IntegrationTests.csproj" />
    <Project Path="Tests/Partie.Tests/Brigade.Net.Partie.Tests.csproj" />
    <Project Path="Tests/Partie.AspNetCore.Tests/Brigade.Net.Partie.AspNetCore.Tests.csproj" />
    <Project Path="Tests/Partie.Engines.AspNetCore.Tests/Brigade.Net.Partie.Engines.AspNetCore.Tests.csproj" />
    <Project Path="Tests/Partie.Generator.Tests/Brigade.Net.Partie.Generator.Tests.csproj" />
    <Project Path="Tests/Mise.Tests/Brigade.Net.Mise.Tests.csproj" />
    <Project Path="Tests/Mise.Generator.Tests/Brigade.Net.Mise.Generator.Tests.csproj" />
    <Project Path="Tests/Mise.Engines.SqlServer.Tests/Brigade.Net.Mise.Engines.SqlServer.Tests.csproj" />
    <Project Path="Tests/Mise.Engines.PostgreSQL.Tests/Brigade.Net.Mise.Engines.PostgreSQL.Tests.csproj" />
    <Project Path="Tests/Mise.Engines.SQLite.Tests/Brigade.Net.Mise.Engines.SQLite.Tests.csproj" />
    <Project Path="Tests/Mise.Engines.MySQL.Tests/Brigade.Net.Mise.Engines.MySQL.Tests.csproj" />
    <Project Path="Tests/Mise.Engines.MariaDb.Tests/Brigade.Net.Mise.Engines.MariaDb.Tests.csproj" />
    <Project Path="Tests/Partie.Extensions.Mise.Tests/Brigade.Net.Partie.Extensions.Mise.Tests.csproj" />
    <Project Path="Tests/Mise.IntegrationTests/Brigade.Net.Mise.IntegrationTests.csproj" />
  </Folder>
  <Folder Name="/Tests/Expo.Tests/">
    <Project Path="Tests/Expo.Tests/Brigade.Net.Expo.Tests.csproj" />
  </Folder>
  <Folder Name="/Tests/Expo.Engines.Domain.Tests/">
    <Project Path="Tests/Expo.Engines.Domain.Tests/Brigade.Net.Expo.Engines.Domain.Tests.csproj" />
  </Folder>
  <Folder Name="/Tests/Partie.Extensions.Expo.Tests/">
    <Project Path="Tests/Partie.Extensions.Expo.Tests/Brigade.Net.Partie.Extensions.Expo.Tests.csproj" />
  </Folder>
</Solution>
